// !$*UTF8*$!
{
	archiveVersion = 1;
	classes = {
	};
	objectVersion = 55;
	objects = {

/* Begin PBXBuildFile section */
		4936CBA128522FBB002A30D9 /* AppDelegate.swift in Sources */ = {isa = PBXBuildFile; fileRef = 4936CBA028522FBB002A30D9 /* AppDelegate.swift */; };
		4936CBA328522FBB002A30D9 /* SceneDelegate.swift in Sources */ = {isa = PBXBuildFile; fileRef = 4936CBA228522FBB002A30D9 /* SceneDelegate.swift */; };
		4936CBA528522FBB002A30D9 /* CafeDetailViewController.swift in Sources */ = {isa = PBXBuildFile; fileRef = 4936CBA428522FBB002A30D9 /* CafeDetailViewController.swift */; };
		4936CBAA28522FBE002A30D9 /* Assets.xcassets in Resources */ = {isa = PBXBuildFile; fileRef = 4936CBA928522FBE002A30D9 /* Assets.xcassets */; };
		4936CBAD28522FBE002A30D9 /* LaunchScreen.storyboard in Resources */ = {isa = PBXBuildFile; fileRef = 4936CBAB28522FBE002A30D9 /* LaunchScreen.storyboard */; };
		4936CBB628523439002A30D9 /* SnapKit in Frameworks */ = {isa = PBXBuildFile; productRef = 4936CBB528523439002A30D9 /* SnapKit */; };
		4936CBB928523455002A30D9 /* Charts in Frameworks */ = {isa = PBXBuildFile; productRef = 4936CBB828523455002A30D9 /* Charts */; };
		CE0F213D28D17ACD00101833 /* DateManager.swift in Sources */ = {isa = PBXBuildFile; fileRef = CE0F213C28D17ACD00101833 /* DateManager.swift */; };
		CE0F213F28D242FF00101833 /* LogoUIView.swift in Sources */ = {isa = PBXBuildFile; fileRef = CE0F213E28D242FF00101833 /* LogoUIView.swift */; };
		CE94A76728AFB7C100AA315A /* Model.xcdatamodeld in Sources */ = {isa = PBXBuildFile; fileRef = CE94A76528AFB7C100AA315A /* Model.xcdatamodeld */; };
		CE94A76A28AFB86900AA315A /* CafeDetail+CoreDataClass.swift in Sources */ = {isa = PBXBuildFile; fileRef = CE94A76828AFB86900AA315A /* CafeDetail+CoreDataClass.swift */; };
		CE94A76B28AFB86900AA315A /* CafeDetail+CoreDataProperties.swift in Sources */ = {isa = PBXBuildFile; fileRef = CE94A76928AFB86900AA315A /* CafeDetail+CoreDataProperties.swift */; };
		CE970EF128D0BF4500CB5BAD /* CoreDataManager.swift in Sources */ = {isa = PBXBuildFile; fileRef = CE970EF028D0BF4500CB5BAD /* CoreDataManager.swift */; };
		CE97EC4A28B7587800FBDD79 /* CheckGraphData.swift in Sources */ = {isa = PBXBuildFile; fileRef = CE97EC4928B7587800FBDD79 /* CheckGraphData.swift */; };
		CE9F848B28BEFA1300F2D294 /* DataDetailController.swift in Sources */ = {isa = PBXBuildFile; fileRef = CE9F848A28BEFA1300F2D294 /* DataDetailController.swift */; };
		CE9F84DC28C24A5400F2D294 /* DataDetailShareController.swift in Sources */ = {isa = PBXBuildFile; fileRef = CE9F84DB28C24A5400F2D294 /* DataDetailShareController.swift */; };
		CE9F84DE28C24A7B00F2D294 /* DataDetailUpDelController.swift in Sources */ = {isa = PBXBuildFile; fileRef = CE9F84DD28C24A7B00F2D294 /* DataDetailUpDelController.swift */; };
		CE9F84E028C3656C00F2D294 /* Extentensions.swift in Sources */ = {isa = PBXBuildFile; fileRef = CE9F84DF28C3656C00F2D294 /* Extentensions.swift */; };
		CEC6BC5628A402010057AEF5 /* DataTableHeaderUIView.swift in Sources */ = {isa = PBXBuildFile; fileRef = CEC6BC5528A402010057AEF5 /* DataTableHeaderUIView.swift */; };
		CEC6BC5828A402860057AEF5 /* DataTableViewCell.swift in Sources */ = {isa = PBXBuildFile; fileRef = CEC6BC5728A402860057AEF5 /* DataTableViewCell.swift */; };
		CEC6BC5A28A402E90057AEF5 /* AddDataViewController.swift in Sources */ = {isa = PBXBuildFile; fileRef = CEC6BC5928A402E90057AEF5 /* AddDataViewController.swift */; };
		CEC6BC5C28A4033E0057AEF5 /* AddDataTableViewCell.swift in Sources */ = {isa = PBXBuildFile; fileRef = CEC6BC5B28A4033E0057AEF5 /* AddDataTableViewCell.swift */; };
/* End PBXBuildFile section */

/* Begin PBXFileReference section */
		4936CB9D28522FBB002A30D9 /* TargetWaterForCoffee.app */ = {isa = PBXFileReference; explicitFileType = wrapper.application; includeInIndex = 0; path = TargetWaterForCoffee.app; sourceTree = BUILT_PRODUCTS_DIR; };
		4936CBA028522FBB002A30D9 /* AppDelegate.swift */ = {isa = PBXFileReference; lastKnownFileType = sourcecode.swift; path = AppDelegate.swift; sourceTree = "<group>"; };
		4936CBA228522FBB002A30D9 /* SceneDelegate.swift */ = {isa = PBXFileReference; lastKnownFileType = sourcecode.swift; path = SceneDelegate.swift; sourceTree = "<group>"; };
		4936CBA428522FBB002A30D9 /* CafeDetailViewController.swift */ = {isa = PBXFileReference; lastKnownFileType = sourcecode.swift; path = CafeDetailViewController.swift; sourceTree = "<group>"; };
		4936CBA928522FBE002A30D9 /* Assets.xcassets */ = {isa = PBXFileReference; lastKnownFileType = folder.assetcatalog; path = Assets.xcassets; sourceTree = "<group>"; };
		4936CBAC28522FBE002A30D9 /* Base */ = {isa = PBXFileReference; lastKnownFileType = file.storyboard; name = Base; path = Base.lproj/LaunchScreen.storyboard; sourceTree = "<group>"; };
		4936CBAE28522FBE002A30D9 /* Info.plist */ = {isa = PBXFileReference; lastKnownFileType = text.plist.xml; path = Info.plist; sourceTree = "<group>"; };
		CE0F213C28D17ACD00101833 /* DateManager.swift */ = {isa = PBXFileReference; lastKnownFileType = sourcecode.swift; path = DateManager.swift; sourceTree = "<group>"; };
		CE0F213E28D242FF00101833 /* LogoUIView.swift */ = {isa = PBXFileReference; lastKnownFileType = sourcecode.swift; path = LogoUIView.swift; sourceTree = "<group>"; };
		CE94A76628AFB7C100AA315A /* Model.xcdatamodel */ = {isa = PBXFileReference; lastKnownFileType = wrapper.xcdatamodel; path = Model.xcdatamodel; sourceTree = "<group>"; };
		CE94A76828AFB86900AA315A /* CafeDetail+CoreDataClass.swift */ = {isa = PBXFileReference; lastKnownFileType = sourcecode.swift; path = "CafeDetail+CoreDataClass.swift"; sourceTree = "<group>"; };
		CE94A76928AFB86900AA315A /* CafeDetail+CoreDataProperties.swift */ = {isa = PBXFileReference; lastKnownFileType = sourcecode.swift; path = "CafeDetail+CoreDataProperties.swift"; sourceTree = "<group>"; };
		CE970EF028D0BF4500CB5BAD /* CoreDataManager.swift */ = {isa = PBXFileReference; lastKnownFileType = sourcecode.swift; path = CoreDataManager.swift; sourceTree = "<group>"; };
		CE97EC4928B7587800FBDD79 /* CheckGraphData.swift */ = {isa = PBXFileReference; lastKnownFileType = sourcecode.swift; path = CheckGraphData.swift; sourceTree = "<group>"; };
		CE9F848A28BEFA1300F2D294 /* DataDetailController.swift */ = {isa = PBXFileReference; lastKnownFileType = sourcecode.swift; path = DataDetailController.swift; sourceTree = "<group>"; };
		CE9F84DB28C24A5400F2D294 /* DataDetailShareController.swift */ = {isa = PBXFileReference; lastKnownFileType = sourcecode.swift; path = DataDetailShareController.swift; sourceTree = "<group>"; };
		CE9F84DD28C24A7B00F2D294 /* DataDetailUpDelController.swift */ = {isa = PBXFileReference; lastKnownFileType = sourcecode.swift; path = DataDetailUpDelController.swift; sourceTree = "<group>"; };
		CE9F84DF28C3656C00F2D294 /* Extentensions.swift */ = {isa = PBXFileReference; lastKnownFileType = sourcecode.swift; path = Extentensions.swift; sourceTree = "<group>"; };
		CEC6BC5528A402010057AEF5 /* DataTableHeaderUIView.swift */ = {isa = PBXFileReference; lastKnownFileType = sourcecode.swift; path = DataTableHeaderUIView.swift; sourceTree = "<group>"; };
		CEC6BC5728A402860057AEF5 /* DataTableViewCell.swift */ = {isa = PBXFileReference; lastKnownFileType = sourcecode.swift; path = DataTableViewCell.swift; sourceTree = "<group>"; };
		CEC6BC5928A402E90057AEF5 /* AddDataViewController.swift */ = {isa = PBXFileReference; lastKnownFileType = sourcecode.swift; path = AddDataViewController.swift; sourceTree = "<group>"; };
		CEC6BC5B28A4033E0057AEF5 /* AddDataTableViewCell.swift */ = {isa = PBXFileReference; lastKnownFileType = sourcecode.swift; path = AddDataTableViewCell.swift; sourceTree = "<group>"; };
/* End PBXFileReference section */

/* Begin PBXFrameworksBuildPhase section */
		4936CB9A28522FBB002A30D9 /* Frameworks */ = {
			isa = PBXFrameworksBuildPhase;
			buildActionMask = 2147483647;
			files = (
				4936CBB628523439002A30D9 /* SnapKit in Frameworks */,
				4936CBB928523455002A30D9 /* Charts in Frameworks */,
			);
			runOnlyForDeploymentPostprocessing = 0;
		};
/* End PBXFrameworksBuildPhase section */

/* Begin PBXGroup section */
		4936CB9428522FBB002A30D9 = {
			isa = PBXGroup;
			children = (
				4936CB9F28522FBB002A30D9 /* TargetWaterForCoffee */,
				4936CB9E28522FBB002A30D9 /* Products */,
			);
			sourceTree = "<group>";
		};
		4936CB9E28522FBB002A30D9 /* Products */ = {
			isa = PBXGroup;
			children = (
				4936CB9D28522FBB002A30D9 /* TargetWaterForCoffee.app */,
			);
			name = Products;
			sourceTree = "<group>";
		};
		4936CB9F28522FBB002A30D9 /* TargetWaterForCoffee */ = {
			isa = PBXGroup;
			children = (
				4936CBA028522FBB002A30D9 /* AppDelegate.swift */,
				4936CBA228522FBB002A30D9 /* SceneDelegate.swift */,
				CE067D9B28A4874100184E57 /* Controllers */,
				CE067D9A28A4873B00184E57 /* Views */,
				CE067D9928A4873100184E57 /* Models */,
				4936CBA928522FBE002A30D9 /* Assets.xcassets */,
				4936CBAB28522FBE002A30D9 /* LaunchScreen.storyboard */,
				4936CBAE28522FBE002A30D9 /* Info.plist */,
				CE94A76528AFB7C100AA315A /* Model.xcdatamodeld */,
			);
			path = TargetWaterForCoffee;
			sourceTree = "<group>";
		};
		CE067D9928A4873100184E57 /* Models */ = {
			isa = PBXGroup;
			children = (
				CE94A76828AFB86900AA315A /* CafeDetail+CoreDataClass.swift */,
				CE94A76928AFB86900AA315A /* CafeDetail+CoreDataProperties.swift */,
				CE970EF028D0BF4500CB5BAD /* CoreDataManager.swift */,
				CE97EC4928B7587800FBDD79 /* CheckGraphData.swift */,
				CE0F213C28D17ACD00101833 /* DateManager.swift */,
				CE9F84DF28C3656C00F2D294 /* Extentensions.swift */,
			);
			path = Models;
			sourceTree = "<group>";
		};
		CE067D9A28A4873B00184E57 /* Views */ = {
			isa = PBXGroup;
			children = (
				CEC6BC5528A402010057AEF5 /* DataTableHeaderUIView.swift */,
				CEC6BC5728A402860057AEF5 /* DataTableViewCell.swift */,
				CEC6BC5B28A4033E0057AEF5 /* AddDataTableViewCell.swift */,
				CE0F213E28D242FF00101833 /* LogoUIView.swift */,
			);
			path = Views;
			sourceTree = "<group>";
		};
		CE067D9B28A4874100184E57 /* Controllers */ = {
			isa = PBXGroup;
			children = (
				4936CBA428522FBB002A30D9 /* CafeDetailViewController.swift */,
				CEC6BC5928A402E90057AEF5 /* AddDataViewController.swift */,
				CE9F848A28BEFA1300F2D294 /* DataDetailController.swift */,
				CE9F84DB28C24A5400F2D294 /* DataDetailShareController.swift */,
				CE9F84DD28C24A7B00F2D294 /* DataDetailUpDelController.swift */,
			);
			path = Controllers;
			sourceTree = "<group>";
		};
/* End PBXGroup section */

/* Begin PBXNativeTarget section */
		4936CB9C28522FBB002A30D9 /* TargetWaterForCoffee */ = {
			isa = PBXNativeTarget;
			buildConfigurationList = 4936CBB128522FBE002A30D9 /* Build configuration list for PBXNativeTarget "TargetWaterForCoffee" */;
			buildPhases = (
				4936CB9928522FBB002A30D9 /* Sources */,
				4936CB9A28522FBB002A30D9 /* Frameworks */,
				4936CB9B28522FBB002A30D9 /* Resources */,
			);
			buildRules = (
			);
			dependencies = (
			);
			name = TargetWaterForCoffee;
			packageProductDependencies = (
				4936CBB528523439002A30D9 /* SnapKit */,
				4936CBB828523455002A30D9 /* Charts */,
			);
			productName = TargetWaterForCoffee;
			productReference = 4936CB9D28522FBB002A30D9 /* TargetWaterForCoffee.app */;
			productType = "com.apple.product-type.application";
		};
/* End PBXNativeTarget section */

/* Begin PBXProject section */
		4936CB9528522FBB002A30D9 /* Project object */ = {
			isa = PBXProject;
			attributes = {
				BuildIndependentTargetsInParallel = 1;
				LastSwiftUpdateCheck = 1330;
				LastUpgradeCheck = 1330;
				TargetAttributes = {
					4936CB9C28522FBB002A30D9 = {
						CreatedOnToolsVersion = 13.3.1;
					};
				};
			};
			buildConfigurationList = 4936CB9828522FBB002A30D9 /* Build configuration list for PBXProject "TargetWaterForCoffee" */;
			compatibilityVersion = "Xcode 13.0";
			developmentRegion = en;
			hasScannedForEncodings = 0;
			knownRegions = (
				en,
				Base,
			);
			mainGroup = 4936CB9428522FBB002A30D9;
			packageReferences = (
				4936CBB428523439002A30D9 /* XCRemoteSwiftPackageReference "SnapKit" */,
				4936CBB728523455002A30D9 /* XCRemoteSwiftPackageReference "Charts" */,
			);
			productRefGroup = 4936CB9E28522FBB002A30D9 /* Products */;
			projectDirPath = "";
			projectRoot = "";
			targets = (
				4936CB9C28522FBB002A30D9 /* TargetWaterForCoffee */,
			);
		};
/* End PBXProject section */

/* Begin PBXResourcesBuildPhase section */
		4936CB9B28522FBB002A30D9 /* Resources */ = {
			isa = PBXResourcesBuildPhase;
			buildActionMask = 2147483647;
			files = (
				4936CBAD28522FBE002A30D9 /* LaunchScreen.storyboard in Resources */,
				4936CBAA28522FBE002A30D9 /* Assets.xcassets in Resources */,
			);
			runOnlyForDeploymentPostprocessing = 0;
		};
/* End PBXResourcesBuildPhase section */

/* Begin PBXSourcesBuildPhase section */
		4936CB9928522FBB002A30D9 /* Sources */ = {
			isa = PBXSourcesBuildPhase;
			buildActionMask = 2147483647;
			files = (
				CE0F213D28D17ACD00101833 /* DateManager.swift in Sources */,
				CEC6BC5828A402860057AEF5 /* DataTableViewCell.swift in Sources */,
				CE94A76B28AFB86900AA315A /* CafeDetail+CoreDataProperties.swift in Sources */,
				CE0F213F28D242FF00101833 /* LogoUIView.swift in Sources */,
				4936CBA528522FBB002A30D9 /* CafeDetailViewController.swift in Sources */,
				4936CBA128522FBB002A30D9 /* AppDelegate.swift in Sources */,
				CE94A76A28AFB86900AA315A /* CafeDetail+CoreDataClass.swift in Sources */,
				CE9F84DE28C24A7B00F2D294 /* DataDetailUpDelController.swift in Sources */,
				CE9F84DC28C24A5400F2D294 /* DataDetailShareController.swift in Sources */,
				CE97EC4A28B7587800FBDD79 /* CheckGraphData.swift in Sources */,
				CE94A76728AFB7C100AA315A /* Model.xcdatamodeld in Sources */,
				CEC6BC5C28A4033E0057AEF5 /* AddDataTableViewCell.swift in Sources */,
				CEC6BC5628A402010057AEF5 /* DataTableHeaderUIView.swift in Sources */,
				CE9F84E028C3656C00F2D294 /* Extentensions.swift in Sources */,
				CEC6BC5A28A402E90057AEF5 /* AddDataViewController.swift in Sources */,
				CE970EF128D0BF4500CB5BAD /* CoreDataManager.swift in Sources */,
				CE9F848B28BEFA1300F2D294 /* DataDetailController.swift in Sources */,
				4936CBA328522FBB002A30D9 /* SceneDelegate.swift in Sources */,
			);
			runOnlyForDeploymentPostprocessing = 0;
		};
/* End PBXSourcesBuildPhase section */

/* Begin PBXVariantGroup section */
		4936CBAB28522FBE002A30D9 /* LaunchScreen.storyboard */ = {
			isa = PBXVariantGroup;
			children = (
				4936CBAC28522FBE002A30D9 /* Base */,
			);
			name = LaunchScreen.storyboard;
			sourceTree = "<group>";
		};
/* End PBXVariantGroup section */

/* Begin XCBuildConfiguration section */
		4936CBAF28522FBE002A30D9 /* Debug */ = {
			isa = XCBuildConfiguration;
			buildSettings = {
				ALWAYS_SEARCH_USER_PATHS = NO;
				CLANG_ANALYZER_LOCALIZABILITY_NONLOCALIZED = YES;
				CLANG_ANALYZER_NONNULL = YES;
				CLANG_ANALYZER_NUMBER_OBJECT_CONVERSION = YES_AGGRESSIVE;
				CLANG_CXX_LANGUAGE_STANDARD = "gnu++17";
				CLANG_ENABLE_MODULES = YES;
				CLANG_ENABLE_OBJC_ARC = YES;
				CLANG_ENABLE_OBJC_WEAK = YES;
				CLANG_WARN_BLOCK_CAPTURE_AUTORELEASING = YES;
				CLANG_WARN_BOOL_CONVERSION = YES;
				CLANG_WARN_COMMA = YES;
				CLANG_WARN_CONSTANT_CONVERSION = YES;
				CLANG_WARN_DEPRECATED_OBJC_IMPLEMENTATIONS = YES;
				CLANG_WARN_DIRECT_OBJC_ISA_USAGE = YES_ERROR;
				CLANG_WARN_DOCUMENTATION_COMMENTS = YES;
				CLANG_WARN_EMPTY_BODY = YES;
				CLANG_WARN_ENUM_CONVERSION = YES;
				CLANG_WARN_INFINITE_RECURSION = YES;
				CLANG_WARN_INT_CONVERSION = YES;
				CLANG_WARN_NON_LITERAL_NULL_CONVERSION = YES;
				CLANG_WARN_OBJC_IMPLICIT_RETAIN_SELF = YES;
				CLANG_WARN_OBJC_LITERAL_CONVERSION = YES;
				CLANG_WARN_OBJC_ROOT_CLASS = YES_ERROR;
				CLANG_WARN_QUOTED_INCLUDE_IN_FRAMEWORK_HEADER = YES;
				CLANG_WARN_RANGE_LOOP_ANALYSIS = YES;
				CLANG_WARN_STRICT_PROTOTYPES = YES;
				CLANG_WARN_SUSPICIOUS_MOVE = YES;
				CLANG_WARN_UNGUARDED_AVAILABILITY = YES_AGGRESSIVE;
				CLANG_WARN_UNREACHABLE_CODE = YES;
				CLANG_WARN__DUPLICATE_METHOD_MATCH = YES;
				COPY_PHASE_STRIP = NO;
				DEBUG_INFORMATION_FORMAT = dwarf;
				ENABLE_STRICT_OBJC_MSGSEND = YES;
				ENABLE_TESTABILITY = YES;
				GCC_C_LANGUAGE_STANDARD = gnu11;
				GCC_DYNAMIC_NO_PIC = NO;
				GCC_NO_COMMON_BLOCKS = YES;
				GCC_OPTIMIZATION_LEVEL = 0;
				GCC_PREPROCESSOR_DEFINITIONS = (
					"DEBUG=1",
					"$(inherited)",
				);
				GCC_WARN_64_TO_32_BIT_CONVERSION = YES;
				GCC_WARN_ABOUT_RETURN_TYPE = YES_ERROR;
				GCC_WARN_UNDECLARED_SELECTOR = YES;
				GCC_WARN_UNINITIALIZED_AUTOS = YES_AGGRESSIVE;
				GCC_WARN_UNUSED_FUNCTION = YES;
				GCC_WARN_UNUSED_VARIABLE = YES;
				IPHONEOS_DEPLOYMENT_TARGET = 15.4;
				MTL_ENABLE_DEBUG_INFO = INCLUDE_SOURCE;
				MTL_FAST_MATH = YES;
				ONLY_ACTIVE_ARCH = YES;
				SDKROOT = iphoneos;
				SWIFT_ACTIVE_COMPILATION_CONDITIONS = DEBUG;
				SWIFT_OPTIMIZATION_LEVEL = "-Onone";
			};
			name = Debug;
		};
		4936CBB028522FBE002A30D9 /* Release */ = {
			isa = XCBuildConfiguration;
			buildSettings = {
				ALWAYS_SEARCH_USER_PATHS = NO;
				CLANG_ANALYZER_LOCALIZABILITY_NONLOCALIZED = YES;
				CLANG_ANALYZER_NONNULL = YES;
				CLANG_ANALYZER_NUMBER_OBJECT_CONVERSION = YES_AGGRESSIVE;
				CLANG_CXX_LANGUAGE_STANDARD = "gnu++17";
				CLANG_ENABLE_MODULES = YES;
				CLANG_ENABLE_OBJC_ARC = YES;
				CLANG_ENABLE_OBJC_WEAK = YES;
				CLANG_WARN_BLOCK_CAPTURE_AUTORELEASING = YES;
				CLANG_WARN_BOOL_CONVERSION = YES;
				CLANG_WARN_COMMA = YES;
				CLANG_WARN_CONSTANT_CONVERSION = YES;
				CLANG_WARN_DEPRECATED_OBJC_IMPLEMENTATIONS = YES;
				CLANG_WARN_DIRECT_OBJC_ISA_USAGE = YES_ERROR;
				CLANG_WARN_DOCUMENTATION_COMMENTS = YES;
				CLANG_WARN_EMPTY_BODY = YES;
				CLANG_WARN_ENUM_CONVERSION = YES;
				CLANG_WARN_INFINITE_RECURSION = YES;
				CLANG_WARN_INT_CONVERSION = YES;
				CLANG_WARN_NON_LITERAL_NULL_CONVERSION = YES;
				CLANG_WARN_OBJC_IMPLICIT_RETAIN_SELF = YES;
				CLANG_WARN_OBJC_LITERAL_CONVERSION = YES;
				CLANG_WARN_OBJC_ROOT_CLASS = YES_ERROR;
				CLANG_WARN_QUOTED_INCLUDE_IN_FRAMEWORK_HEADER = YES;
				CLANG_WARN_RANGE_LOOP_ANALYSIS = YES;
				CLANG_WARN_STRICT_PROTOTYPES = YES;
				CLANG_WARN_SUSPICIOUS_MOVE = YES;
				CLANG_WARN_UNGUARDED_AVAILABILITY = YES_AGGRESSIVE;
				CLANG_WARN_UNREACHABLE_CODE = YES;
				CLANG_WARN__DUPLICATE_METHOD_MATCH = YES;
				COPY_PHASE_STRIP = NO;
				DEBUG_INFORMATION_FORMAT = "dwarf-with-dsym";
				ENABLE_NS_ASSERTIONS = NO;
				ENABLE_STRICT_OBJC_MSGSEND = YES;
				GCC_C_LANGUAGE_STANDARD = gnu11;
				GCC_NO_COMMON_BLOCKS = YES;
				GCC_WARN_64_TO_32_BIT_CONVERSION = YES;
				GCC_WARN_ABOUT_RETURN_TYPE = YES_ERROR;
				GCC_WARN_UNDECLARED_SELECTOR = YES;
				GCC_WARN_UNINITIALIZED_AUTOS = YES_AGGRESSIVE;
				GCC_WARN_UNUSED_FUNCTION = YES;
				GCC_WARN_UNUSED_VARIABLE = YES;
				IPHONEOS_DEPLOYMENT_TARGET = 15.4;
				MTL_ENABLE_DEBUG_INFO = NO;
				MTL_FAST_MATH = YES;
				SDKROOT = iphoneos;
				SWIFT_COMPILATION_MODE = wholemodule;
				SWIFT_OPTIMIZATION_LEVEL = "-O";
				VALIDATE_PRODUCT = YES;
			};
			name = Release;
		};
		4936CBB228522FBE002A30D9 /* Debug */ = {
			isa = XCBuildConfiguration;
			buildSettings = {
				ASSETCATALOG_COMPILER_APPICON_NAME = AppIcon;
				ASSETCATALOG_COMPILER_GLOBAL_ACCENT_COLOR_NAME = AccentColor;
				ASSETCATALOG_COMPILER_INCLUDE_ALL_APPICON_ASSETS = YES;
				CODE_SIGN_STYLE = Automatic;
				CURRENT_PROJECT_VERSION = 1;
				DEVELOPMENT_TEAM = GC62836342;
				GENERATE_INFOPLIST_FILE = YES;
				INFOPLIST_FILE = TargetWaterForCoffee/Info.plist;
				INFOPLIST_KEY_CFBundleDisplayName = WaterForCoffee;
				INFOPLIST_KEY_UIApplicationSceneManifest_Generation = NO;
				INFOPLIST_KEY_UIApplicationSupportsIndirectInputEvents = YES;
				INFOPLIST_KEY_UILaunchStoryboardName = LaunchScreen;
				INFOPLIST_KEY_UISupportedInterfaceOrientations_iPad = "UIInterfaceOrientationPortrait UIInterfaceOrientationPortraitUpsideDown UIInterfaceOrientationLandscapeLeft UIInterfaceOrientationLandscapeRight";
				INFOPLIST_KEY_UISupportedInterfaceOrientations_iPhone = UIInterfaceOrientationPortrait;
				IPHONEOS_DEPLOYMENT_TARGET = 15.4;
				LD_RUNPATH_SEARCH_PATHS = (
					"$(inherited)",
					"@executable_path/Frameworks",
				);
				MARKETING_VERSION = 0.1.0;
				PRODUCT_BUNDLE_IDENTIFIER = com.gmail.gomji81.TargetWaterForCoffee;
				PRODUCT_NAME = "$(TARGET_NAME)";
				SWIFT_EMIT_LOC_STRINGS = YES;
				SWIFT_VERSION = 5.0;
				TARGETED_DEVICE_FAMILY = 1;
			};
			name = Debug;
		};
		4936CBB328522FBE002A30D9 /* Release */ = {
			isa = XCBuildConfiguration;
			buildSettings = {
				ASSETCATALOG_COMPILER_APPICON_NAME = AppIcon;
				ASSETCATALOG_COMPILER_GLOBAL_ACCENT_COLOR_NAME = AccentColor;
				ASSETCATALOG_COMPILER_INCLUDE_ALL_APPICON_ASSETS = YES;
				CODE_SIGN_STYLE = Automatic;
				CURRENT_PROJECT_VERSION = 1;
				DEVELOPMENT_TEAM = GC62836342;
				GENERATE_INFOPLIST_FILE = YES;
				INFOPLIST_FILE = TargetWaterForCoffee/Info.plist;
				INFOPLIST_KEY_CFBundleDisplayName = WaterForCoffee;
				INFOPLIST_KEY_UIApplicationSceneManifest_Generation = NO;
				INFOPLIST_KEY_UIApplicationSupportsIndirectInputEvents = YES;
				INFOPLIST_KEY_UILaunchStoryboardName = LaunchScreen;
				INFOPLIST_KEY_UISupportedInterfaceOrientations_iPad = "UIInterfaceOrientationPortrait UIInterfaceOrientationPortraitUpsideDown UIInterfaceOrientationLandscapeLeft UIInterfaceOrientationLandscapeRight";
				INFOPLIST_KEY_UISupportedInterfaceOrientations_iPhone = UIInterfaceOrientationPortrait;
				IPHONEOS_DEPLOYMENT_TARGET = 15.4;
				LD_RUNPATH_SEARCH_PATHS = (
					"$(inherited)",
					"@executable_path/Frameworks",
				);
				MARKETING_VERSION = 0.1.0;
				PRODUCT_BUNDLE_IDENTIFIER = com.gmail.gomji81.TargetWaterForCoffee;
				PRODUCT_NAME = "$(TARGET_NAME)";
				SWIFT_EMIT_LOC_STRINGS = YES;
				SWIFT_VERSION = 5.0;
				TARGETED_DEVICE_FAMILY = 1;
			};
			name = Release;
		};
/* End XCBuildConfiguration section */

/* Begin XCConfigurationList section */
		4936CB9828522FBB002A30D9 /* Build configuration list for PBXProject "TargetWaterForCoffee" */ = {
			isa = XCConfigurationList;
			buildConfigurations = (
				4936CBAF28522FBE002A30D9 /* Debug */,
				4936CBB028522FBE002A30D9 /* Release */,
			);
			defaultConfigurationIsVisible = 0;
			defaultConfigurationName = Release;
		};
		4936CBB128522FBE002A30D9 /* Build configuration list for PBXNativeTarget "TargetWaterForCoffee" */ = {
			isa = XCConfigurationList;
			buildConfigurations = (
				4936CBB228522FBE002A30D9 /* Debug */,
				4936CBB328522FBE002A30D9 /* Release */,
			);
			defaultConfigurationIsVisible = 0;
			defaultConfigurationName = Release;
		};
/* End XCConfigurationList section */

/* Begin XCRemoteSwiftPackageReference section */
		4936CBB428523439002A30D9 /* XCRemoteSwiftPackageReference "SnapKit" */ = {
			isa = XCRemoteSwiftPackageReference;
			repositoryURL = "https://github.com/SnapKit/SnapKit";
			requirement = {
				kind = upToNextMajorVersion;
				minimumVersion = 5.0.0;
			};
		};
		4936CBB728523455002A30D9 /* XCRemoteSwiftPackageReference "Charts" */ = {
			isa = XCRemoteSwiftPackageReference;
			repositoryURL = "https://github.com/danielgindi/Charts";
			requirement = {
				kind = upToNextMajorVersion;
				minimumVersion = 3.0.0;
			};
		};
/* End XCRemoteSwiftPackageReference section */

/* Begin XCSwiftPackageProductDependency section */
		4936CBB528523439002A30D9 /* SnapKit */ = {
			isa = XCSwiftPackageProductDependency;
			package = 4936CBB428523439002A30D9 /* XCRemoteSwiftPackageReference "SnapKit" */;
			productName = SnapKit;
		};
		4936CBB828523455002A30D9 /* Charts */ = {
			isa = XCSwiftPackageProductDependency;
			package = 4936CBB728523455002A30D9 /* XCRemoteSwiftPackageReference "Charts" */;
			productName = Charts;
		};
/* End XCSwiftPackageProductDependency section */

/* Begin XCVersionGroup section */
		CE94A76528AFB7C100AA315A /* Model.xcdatamodeld */ = {
			isa = XCVersionGroup;
			children = (
				CE94A76628AFB7C100AA315A /* Model.xcdatamodel */,
			);
			currentVersion = CE94A76628AFB7C100AA315A /* Model.xcdatamodel */;
			name = Model.xcdatamodeld;
			path = ../Model.xcdatamodeld;
			sourceTree = "<group>";
			versionGroupType = wrapper.xcdatamodel;
		};
/* End XCVersionGroup section */
	};
	rootObject = 4936CB9528522FBB002A30D9 /* Project object */;
}
